{
  "name": "parallel-llms-txt",
  "lockfileVersion": 3,
  "requires": true,
  "packages": {
    "": {
      "dependencies": {
        "parse-llms-txt": "^0.0.10"
      },
      "devDependencies": {
        "extract-from-sitemap": "^0.0.26"
      }
    },
    "node_modules/extract-from-sitemap": {
      "version": "0.0.26",
      "resolved": "https://registry.npmjs.org/extract-from-sitemap/-/extract-from-sitemap-0.0.26.tgz",
      "integrity": "sha512-eIJclMpiRD+ipF0Auae1JYMjVx7i4k+Y3M/48Sk+VygO91m6gFzFelQQWVWdTtB4Og4Pax4rBrJioGNdwC8f3w==",
      "dev": true,
      "license": "MIT",
      "dependencies": {
        "parse-llms-txt": "^0.0.10"
      },
      "bin": {
        "extract-from-sitemap": "cli.js"
      }
    },
    "node_modules/parse-llms-txt": {
      "version": "0.0.10",
      "resolved": "https://registry.npmjs.org/parse-llms-txt/-/parse-llms-txt-0.0.10.tgz",
      "integrity": "sha512-+4iuBlbb3vKB2Sl1z/M6ZI3OEpRIKdagMN0SMKt8IQd7ZqnEUrNWq+j1HskiWaRGF08FOlnzRKF9hIy5w1ZKmw==",
      "bin": {
        "parse-llms-txt": "cli.js"
      }
    }
  }
}
