{
  "name": "parallel-llms-txt",
  "lockfileVersion": 3,
  "requires": true,
  "packages": {
    "": {
      "dependencies": {
        "parse-llms-txt": "0.0.9"
      },
      "devDependencies": {
        "extract-from-sitemap": "0.0.18"
      }
    },
    "node_modules/extract-from-sitemap": {
      "version": "0.0.18",
      "resolved": "https://registry.npmjs.org/extract-from-sitemap/-/extract-from-sitemap-0.0.18.tgz",
      "integrity": "sha512-m4x4++mOGjMv+h2SwawsrSgzFzEezUuLaNyOQxi5byUkixv391nQWHLDQ+hQeFcjv929aideerFSun3qxwpoKQ==",
      "dev": true,
      "license": "MIT",
      "bin": {
        "extract-from-sitemap": "cli.js"
      }
    },
    "node_modules/parse-llms-txt": {
      "version": "0.0.9",
      "resolved": "https://registry.npmjs.org/parse-llms-txt/-/parse-llms-txt-0.0.9.tgz",
      "integrity": "sha512-OzF3NRLTtlxA75Yn87c4cleFoIQKfN5z1UgyIrdhJuHe7DdjESfaqb0LhRb+hOPl0Tqe/USaJi6TyGMgOf5tkQ==",
      "bin": {
        "parse-llms-txt": "mod.js"
      }
    }
  }
}
